
Microsoft Visual Studio Solution File, Format Version 12.00
# Visual Studio Version 17
VisualStudioVersion = 17.10.34916.146
MinimumVisualStudioVersion = 10.0.40219.1
Project("{FAE04EC0-301F-11D3-BF4B-00C04F79EFBC}") = "Open-Session4", "Open-Session4\Open-Session4.csproj", "{537FE989-5D4A-4435-A12B-485C90885B43}"
EndProject
Global
	GlobalSection(SolutionConfigurationPlatforms) = preSolution
		Debug|Any CPU = Debug|Any CPU
		Release|Any CPU = Release|Any CPU
	EndGlobalSection
	GlobalSection(ProjectConfigurationPlatforms) = postSolution
		{537FE989-5D4A-4435-A12B-485C90885B43}.Debug|Any CPU.ActiveCfg = Debug|Any CPU
		{537FE989-5D4A-4435-A12B-485C90885B43}.Debug|Any CPU.Build.0 = Debug|Any CPU
		{537FE989-5D4A-4435-A12B-485C90885B43}.Release|Any CPU.ActiveCfg = Release|Any CPU
		{537FE989-5D4A-4435-A12B-485C90885B43}.Release|Any CPU.Build.0 = Release|Any CPU
	EndGlobalSection
	GlobalSection(SolutionProperties) = preSolution
		HideSolutionNode = FALSE
	EndGlobalSection
	GlobalSection(ExtensibilityGlobals) = postSolution
		SolutionGuid = {CE3B64C7-2862-4461-ACEA-7E47E3B4B0A9}
	EndGlobalSection
EndGlobal
